
Microsoft Visual Studio Solution File, Format Version 12.00
# Visual Studio 2013
VisualStudioVersion = 12.0.21005.1
MinimumVisualStudioVersion = 10.0.40219.1
Project("{FAE04EC0-301F-11D3-BF4B-00C04F79EFBC}") = "Medeil", "Medeil\Medeil.csproj", "{0F505BF3-0534-4AAD-811C-02EFC3332089}"
EndProject
Global
	GlobalSection(SolutionConfigurationPlatforms) = preSolution
		Debug|Any CPU = Debug|Any CPU
		Release|Any CPU = Release|Any CPU
	EndGlobalSection
	GlobalSection(ProjectConfigurationPlatforms) = postSolution
		{0F505BF3-0534-4AAD-811C-02EFC3332089}.Debug|Any CPU.ActiveCfg = Debug|Any CPU
		{0F505BF3-0534-4AAD-811C-02EFC3332089}.Debug|Any CPU.Build.0 = Debug|Any CPU
		{0F505BF3-0534-4AAD-811C-02EFC3332089}.Release|Any CPU.ActiveCfg = Release|Any CPU
		{0F505BF3-0534-4AAD-811C-02EFC3332089}.Release|Any CPU.Build.0 = Release|Any CPU
	EndGlobalSection
	GlobalSection(SolutionProperties) = preSolution
		HideSolutionNode = FALSE
	EndGlobalSection
EndGlobal
